Microsoft Visual Studio Solution File, Format Version 12.00
# Visual Studio 14
Project("{8BC9CEB8-8B4A-11D0-8D11-00A0C91BC942}") = "ALL_BUILD", "ALL_BUILD.vcxproj", "{2EA7DF22-2C31-30C9-9EE2-3C5D09D801B5}"
	ProjectSection(ProjectDependencies) = postProject
		{572A0F31-F6C4-32B9-9882-84F4D0D84BFF} = {572A0F31-F6C4-32B9-9882-84F4D0D84BFF}
		{4B449B7A-AC06-39C5-88A0-9D7F68BA4C0C} = {4B449B7A-AC06-39C5-88A0-9D7F68BA4C0C}
		{4243996B-82BE-3E4A-9238-163DB338A1A0} = {4243996B-82BE-3E4A-9238-163DB338A1A0}
		{2B3DC4B5-C862-33EC-BEBB-8BA3633F2894} = {2B3DC4B5-C862-33EC-BEBB-8BA3633F2894}
		{CED2C582-7A1D-3440-8252-AD9D8AB1E73C} = {CED2C582-7A1D-3440-8252-AD9D8AB1E73C}
		{81AD9C03-081A-3EF2-9FF9-B684CDCA7819} = {81AD9C03-081A-3EF2-9FF9-B684CDCA7819}
		{C9C71127-21BD-34DA-9AB9-C9462B81D570} = {C9C71127-21BD-34DA-9AB9-C9462B81D570}
		{23A66501-038B-3F95-A808-0200D4F5D40B} = {23A66501-038B-3F95-A808-0200D4F5D40B}
		{5D5400D9-0998-34FB-B77C-C261E7A30121} = {5D5400D9-0998-34FB-B77C-C261E7A30121}
		{9528CD26-1908-3624-9728-ACF30661BEFE} = {9528CD26-1908-3624-9728-ACF30661BEFE}
		{48500CEB-D8C3-38BA-AC15-67A82BCB3666} = {48500CEB-D8C3-38BA-AC15-67A82BCB3666}
		{22677D41-7FDD-3BF7-BF40-1D58CD5C5E0A} = {22677D41-7FDD-3BF7-BF40-1D58CD5C5E0A}
		{6D5227DD-502C-3589-80B4-3DBA9CE05747} = {6D5227DD-502C-3589-80B4-3DBA9CE05747}
		{2C1480B1-4433-3717-9787-6AE04F20830E} = {2C1480B1-4433-3717-9787-6AE04F20830E}
		{48986A3A-D36A-3125-A239-1319B748B1FB} = {48986A3A-D36A-3125-A239-1319B748B1FB}
		{44C1F113-7A59-3924-8182-4746EEC21E57} = {44C1F113-7A59-3924-8182-4746EEC21E57}
		{0C69D4FB-49FE-3942-BA39-76A4E92EB9E9} = {0C69D4FB-49FE-3942-BA39-76A4E92EB9E9}
		{37AB78BB-6A68-38F4-A949-87BEECD0E7E2} = {37AB78BB-6A68-38F4-A949-87BEECD0E7E2}
		{6299D559-DDD2-3875-9800-561D91F5BACD} = {6299D559-DDD2-3875-9800-561D91F5BACD}
		{558D0FD0-0398-30A2-B9A9-C8FE9323EAA7} = {558D0FD0-0398-30A2-B9A9-C8FE9323EAA7}
		{5EA550AC-2FEC-3161-A4F9-6C14AA837E98} = {5EA550AC-2FEC-3161-A4F9-6C14AA837E98}
		{AD552D96-41E3-3E1B-8DCA-433FC7DCF317} = {AD552D96-41E3-3E1B-8DCA-433FC7DCF317}
		{5EA5D38C-175F-3FBC-B3C8-DD997E32D344} = {5EA5D38C-175F-3FBC-B3C8-DD997E32D344}
	EndProjectSection
EndProject
Project("{8BC9CEB8-8B4A-11D0-8D11-00A0C91BC942}") = "Detour", "dep\recastnavigation\Detour\Detour.vcxproj", "{572A0F31-F6C4-32B9-9882-84F4D0D84BFF}"
	ProjectSection(ProjectDependencies) = postProject
		{4243996B-82BE-3E4A-9238-163DB338A1A0} = {4243996B-82BE-3E4A-9238-163DB338A1A0}
		{5EA5D38C-175F-3FBC-B3C8-DD997E32D344} = {5EA5D38C-175F-3FBC-B3C8-DD997E32D344}
	EndProjectSection
EndProject
Project("{8BC9CEB8-8B4A-11D0-8D11-00A0C91BC942}") = "INSTALL", "INSTALL.vcxproj", "{5BF1092F-E228-330B-B252-893D8B851404}"
	ProjectSection(ProjectDependencies) = postProject
		{2EA7DF22-2C31-30C9-9EE2-3C5D09D801B5} = {2EA7DF22-2C31-30C9-9EE2-3C5D09D801B5}
		{4243996B-82BE-3E4A-9238-163DB338A1A0} = {4243996B-82BE-3E4A-9238-163DB338A1A0}
	EndProjectSection
EndProject
Project("{8BC9CEB8-8B4A-11D0-8D11-00A0C91BC942}") = "Recast", "dep\recastnavigation\Recast\Recast.vcxproj", "{4B449B7A-AC06-39C5-88A0-9D7F68BA4C0C}"
	ProjectSection(ProjectDependencies) = postProject
		{4243996B-82BE-3E4A-9238-163DB338A1A0} = {4243996B-82BE-3E4A-9238-163DB338A1A0}
		{5EA5D38C-175F-3FBC-B3C8-DD997E32D344} = {5EA5D38C-175F-3FBC-B3C8-DD997E32D344}
	EndProjectSection
EndProject
Project("{8BC9CEB8-8B4A-11D0-8D11-00A0C91BC942}") = "ZERO_CHECK", "ZERO_CHECK.vcxproj", "{4243996B-82BE-3E4A-9238-163DB338A1A0}"
	ProjectSection(ProjectDependencies) = postProject
	EndProjectSection
EndProject
Project("{8BC9CEB8-8B4A-11D0-8D11-00A0C91BC942}") = "authserver", "src\server\authserver\authserver.vcxproj", "{2B3DC4B5-C862-33EC-BEBB-8BA3633F2894}"
	ProjectSection(ProjectDependencies) = postProject
		{572A0F31-F6C4-32B9-9882-84F4D0D84BFF} = {572A0F31-F6C4-32B9-9882-84F4D0D84BFF}
		{4243996B-82BE-3E4A-9238-163DB338A1A0} = {4243996B-82BE-3E4A-9238-163DB338A1A0}
		{81AD9C03-081A-3EF2-9FF9-B684CDCA7819} = {81AD9C03-081A-3EF2-9FF9-B684CDCA7819}
		{C9C71127-21BD-34DA-9AB9-C9462B81D570} = {C9C71127-21BD-34DA-9AB9-C9462B81D570}
		{23A66501-038B-3F95-A808-0200D4F5D40B} = {23A66501-038B-3F95-A808-0200D4F5D40B}
		{5D5400D9-0998-34FB-B77C-C261E7A30121} = {5D5400D9-0998-34FB-B77C-C261E7A30121}
		{22677D41-7FDD-3BF7-BF40-1D58CD5C5E0A} = {22677D41-7FDD-3BF7-BF40-1D58CD5C5E0A}
		{6299D559-DDD2-3875-9800-561D91F5BACD} = {6299D559-DDD2-3875-9800-561D91F5BACD}
		{5EA5D38C-175F-3FBC-B3C8-DD997E32D344} = {5EA5D38C-175F-3FBC-B3C8-DD997E32D344}
	EndProjectSection
EndProject
Project("{8BC9CEB8-8B4A-11D0-8D11-00A0C91BC942}") = "bzip2", "dep\bzip2\bzip2.vcxproj", "{CED2C582-7A1D-3440-8252-AD9D8AB1E73C}"
	ProjectSection(ProjectDependencies) = postProject
		{4243996B-82BE-3E4A-9238-163DB338A1A0} = {4243996B-82BE-3E4A-9238-163DB338A1A0}
	EndProjectSection
EndProject
Project("{8BC9CEB8-8B4A-11D0-8D11-00A0C91BC942}") = "common", "src\common\common.vcxproj", "{81AD9C03-081A-3EF2-9FF9-B684CDCA7819}"
	ProjectSection(ProjectDependencies) = postProject
		{572A0F31-F6C4-32B9-9882-84F4D0D84BFF} = {572A0F31-F6C4-32B9-9882-84F4D0D84BFF}
		{4243996B-82BE-3E4A-9238-163DB338A1A0} = {4243996B-82BE-3E4A-9238-163DB338A1A0}
		{C9C71127-21BD-34DA-9AB9-C9462B81D570} = {C9C71127-21BD-34DA-9AB9-C9462B81D570}
		{5D5400D9-0998-34FB-B77C-C261E7A30121} = {5D5400D9-0998-34FB-B77C-C261E7A30121}
		{22677D41-7FDD-3BF7-BF40-1D58CD5C5E0A} = {22677D41-7FDD-3BF7-BF40-1D58CD5C5E0A}
		{0C69D4FB-49FE-3942-BA39-76A4E92EB9E9} = {0C69D4FB-49FE-3942-BA39-76A4E92EB9E9}
		{5EA5D38C-175F-3FBC-B3C8-DD997E32D344} = {5EA5D38C-175F-3FBC-B3C8-DD997E32D344}
	EndProjectSection
EndProject
Project("{8BC9CEB8-8B4A-11D0-8D11-00A0C91BC942}") = "cppformat", "dep\cppformat\cppformat.vcxproj", "{C9C71127-21BD-34DA-9AB9-C9462B81D570}"
	ProjectSection(ProjectDependencies) = postProject
		{4243996B-82BE-3E4A-9238-163DB338A1A0} = {4243996B-82BE-3E4A-9238-163DB338A1A0}
	EndProjectSection
EndProject
Project("{8BC9CEB8-8B4A-11D0-8D11-00A0C91BC942}") = "database", "src\server\database\database.vcxproj", "{23A66501-038B-3F95-A808-0200D4F5D40B}"
	ProjectSection(ProjectDependencies) = postProject
		{572A0F31-F6C4-32B9-9882-84F4D0D84BFF} = {572A0F31-F6C4-32B9-9882-84F4D0D84BFF}
		{4243996B-82BE-3E4A-9238-163DB338A1A0} = {4243996B-82BE-3E4A-9238-163DB338A1A0}
		{81AD9C03-081A-3EF2-9FF9-B684CDCA7819} = {81AD9C03-081A-3EF2-9FF9-B684CDCA7819}
		{C9C71127-21BD-34DA-9AB9-C9462B81D570} = {C9C71127-21BD-34DA-9AB9-C9462B81D570}
		{5D5400D9-0998-34FB-B77C-C261E7A30121} = {5D5400D9-0998-34FB-B77C-C261E7A30121}
		{22677D41-7FDD-3BF7-BF40-1D58CD5C5E0A} = {22677D41-7FDD-3BF7-BF40-1D58CD5C5E0A}
		{5EA5D38C-175F-3FBC-B3C8-DD997E32D344} = {5EA5D38C-175F-3FBC-B3C8-DD997E32D344}
	EndProjectSection
EndProject
Project("{8BC9CEB8-8B4A-11D0-8D11-00A0C91BC942}") = "g3dlib", "dep\g3dlite\g3dlib.vcxproj", "{5D5400D9-0998-34FB-B77C-C261E7A30121}"
	ProjectSection(ProjectDependencies) = postProject
		{4243996B-82BE-3E4A-9238-163DB338A1A0} = {4243996B-82BE-3E4A-9238-163DB338A1A0}
		{5EA5D38C-175F-3FBC-B3C8-DD997E32D344} = {5EA5D38C-175F-3FBC-B3C8-DD997E32D344}
	EndProjectSection
EndProject
Project("{8BC9CEB8-8B4A-11D0-8D11-00A0C91BC942}") = "game", "src\server\game\game.vcxproj", "{9528CD26-1908-3624-9728-ACF30661BEFE}"
	ProjectSection(ProjectDependencies) = postProject
		{572A0F31-F6C4-32B9-9882-84F4D0D84BFF} = {572A0F31-F6C4-32B9-9882-84F4D0D84BFF}
		{4243996B-82BE-3E4A-9238-163DB338A1A0} = {4243996B-82BE-3E4A-9238-163DB338A1A0}
		{81AD9C03-081A-3EF2-9FF9-B684CDCA7819} = {81AD9C03-081A-3EF2-9FF9-B684CDCA7819}
		{C9C71127-21BD-34DA-9AB9-C9462B81D570} = {C9C71127-21BD-34DA-9AB9-C9462B81D570}
		{23A66501-038B-3F95-A808-0200D4F5D40B} = {23A66501-038B-3F95-A808-0200D4F5D40B}
		{5D5400D9-0998-34FB-B77C-C261E7A30121} = {5D5400D9-0998-34FB-B77C-C261E7A30121}
		{22677D41-7FDD-3BF7-BF40-1D58CD5C5E0A} = {22677D41-7FDD-3BF7-BF40-1D58CD5C5E0A}
		{44C1F113-7A59-3924-8182-4746EEC21E57} = {44C1F113-7A59-3924-8182-4746EEC21E57}
		{6299D559-DDD2-3875-9800-561D91F5BACD} = {6299D559-DDD2-3875-9800-561D91F5BACD}
		{5EA5D38C-175F-3FBC-B3C8-DD997E32D344} = {5EA5D38C-175F-3FBC-B3C8-DD997E32D344}
	EndProjectSection
EndProject
Project("{8BC9CEB8-8B4A-11D0-8D11-00A0C91BC942}") = "gsoap", "dep\gsoap\gsoap.vcxproj", "{48500CEB-D8C3-38BA-AC15-67A82BCB3666}"
	ProjectSection(ProjectDependencies) = postProject
		{4243996B-82BE-3E4A-9238-163DB338A1A0} = {4243996B-82BE-3E4A-9238-163DB338A1A0}
	EndProjectSection
EndProject
Project("{8BC9CEB8-8B4A-11D0-8D11-00A0C91BC942}") = "lualib", "dep\lualib\lualib.vcxproj", "{22677D41-7FDD-3BF7-BF40-1D58CD5C5E0A}"
	ProjectSection(ProjectDependencies) = postProject
		{4243996B-82BE-3E4A-9238-163DB338A1A0} = {4243996B-82BE-3E4A-9238-163DB338A1A0}
	EndProjectSection
EndProject
Project("{8BC9CEB8-8B4A-11D0-8D11-00A0C91BC942}") = "mapextractor", "src\tools\map_extractor\mapextractor.vcxproj", "{6D5227DD-502C-3589-80B4-3DBA9CE05747}"
	ProjectSection(ProjectDependencies) = postProject
		{572A0F31-F6C4-32B9-9882-84F4D0D84BFF} = {572A0F31-F6C4-32B9-9882-84F4D0D84BFF}
		{4243996B-82BE-3E4A-9238-163DB338A1A0} = {4243996B-82BE-3E4A-9238-163DB338A1A0}
		{CED2C582-7A1D-3440-8252-AD9D8AB1E73C} = {CED2C582-7A1D-3440-8252-AD9D8AB1E73C}
		{81AD9C03-081A-3EF2-9FF9-B684CDCA7819} = {81AD9C03-081A-3EF2-9FF9-B684CDCA7819}
		{C9C71127-21BD-34DA-9AB9-C9462B81D570} = {C9C71127-21BD-34DA-9AB9-C9462B81D570}
		{5D5400D9-0998-34FB-B77C-C261E7A30121} = {5D5400D9-0998-34FB-B77C-C261E7A30121}
		{22677D41-7FDD-3BF7-BF40-1D58CD5C5E0A} = {22677D41-7FDD-3BF7-BF40-1D58CD5C5E0A}
		{48986A3A-D36A-3125-A239-1319B748B1FB} = {48986A3A-D36A-3125-A239-1319B748B1FB}
		{5EA5D38C-175F-3FBC-B3C8-DD997E32D344} = {5EA5D38C-175F-3FBC-B3C8-DD997E32D344}
	EndProjectSection
EndProject
Project("{8BC9CEB8-8B4A-11D0-8D11-00A0C91BC942}") = "mmaps_generator", "src\tools\mmaps_generator\mmaps_generator.vcxproj", "{2C1480B1-4433-3717-9787-6AE04F20830E}"
	ProjectSection(ProjectDependencies) = postProject
		{572A0F31-F6C4-32B9-9882-84F4D0D84BFF} = {572A0F31-F6C4-32B9-9882-84F4D0D84BFF}
		{4B449B7A-AC06-39C5-88A0-9D7F68BA4C0C} = {4B449B7A-AC06-39C5-88A0-9D7F68BA4C0C}
		{4243996B-82BE-3E4A-9238-163DB338A1A0} = {4243996B-82BE-3E4A-9238-163DB338A1A0}
		{CED2C582-7A1D-3440-8252-AD9D8AB1E73C} = {CED2C582-7A1D-3440-8252-AD9D8AB1E73C}
		{81AD9C03-081A-3EF2-9FF9-B684CDCA7819} = {81AD9C03-081A-3EF2-9FF9-B684CDCA7819}
		{C9C71127-21BD-34DA-9AB9-C9462B81D570} = {C9C71127-21BD-34DA-9AB9-C9462B81D570}
		{5D5400D9-0998-34FB-B77C-C261E7A30121} = {5D5400D9-0998-34FB-B77C-C261E7A30121}
		{22677D41-7FDD-3BF7-BF40-1D58CD5C5E0A} = {22677D41-7FDD-3BF7-BF40-1D58CD5C5E0A}
		{48986A3A-D36A-3125-A239-1319B748B1FB} = {48986A3A-D36A-3125-A239-1319B748B1FB}
		{5EA5D38C-175F-3FBC-B3C8-DD997E32D344} = {5EA5D38C-175F-3FBC-B3C8-DD997E32D344}
	EndProjectSection
EndProject
Project("{8BC9CEB8-8B4A-11D0-8D11-00A0C91BC942}") = "mpq", "dep\libmpq\mpq.vcxproj", "{48986A3A-D36A-3125-A239-1319B748B1FB}"
	ProjectSection(ProjectDependencies) = postProject
		{4243996B-82BE-3E4A-9238-163DB338A1A0} = {4243996B-82BE-3E4A-9238-163DB338A1A0}
		{CED2C582-7A1D-3440-8252-AD9D8AB1E73C} = {CED2C582-7A1D-3440-8252-AD9D8AB1E73C}
		{5EA5D38C-175F-3FBC-B3C8-DD997E32D344} = {5EA5D38C-175F-3FBC-B3C8-DD997E32D344}
	EndProjectSection
EndProject
Project("{8BC9CEB8-8B4A-11D0-8D11-00A0C91BC942}") = "plugins", "src\plugins\plugins.vcxproj", "{44C1F113-7A59-3924-8182-4746EEC21E57}"
	ProjectSection(ProjectDependencies) = postProject
		{572A0F31-F6C4-32B9-9882-84F4D0D84BFF} = {572A0F31-F6C4-32B9-9882-84F4D0D84BFF}
		{4243996B-82BE-3E4A-9238-163DB338A1A0} = {4243996B-82BE-3E4A-9238-163DB338A1A0}
		{81AD9C03-081A-3EF2-9FF9-B684CDCA7819} = {81AD9C03-081A-3EF2-9FF9-B684CDCA7819}
		{C9C71127-21BD-34DA-9AB9-C9462B81D570} = {C9C71127-21BD-34DA-9AB9-C9462B81D570}
		{5D5400D9-0998-34FB-B77C-C261E7A30121} = {5D5400D9-0998-34FB-B77C-C261E7A30121}
		{22677D41-7FDD-3BF7-BF40-1D58CD5C5E0A} = {22677D41-7FDD-3BF7-BF40-1D58CD5C5E0A}
		{5EA5D38C-175F-3FBC-B3C8-DD997E32D344} = {5EA5D38C-175F-3FBC-B3C8-DD997E32D344}
	EndProjectSection
EndProject
Project("{8BC9CEB8-8B4A-11D0-8D11-00A0C91BC942}") = "revision_data.h", "src\genrev\revision_data.h.vcxproj", "{0C69D4FB-49FE-3942-BA39-76A4E92EB9E9}"
	ProjectSection(ProjectDependencies) = postProject
		{4243996B-82BE-3E4A-9238-163DB338A1A0} = {4243996B-82BE-3E4A-9238-163DB338A1A0}
	EndProjectSection
EndProject
Project("{8BC9CEB8-8B4A-11D0-8D11-00A0C91BC942}") = "scripts", "src\server\scripts\scripts.vcxproj", "{37AB78BB-6A68-38F4-A949-87BEECD0E7E2}"
	ProjectSection(ProjectDependencies) = postProject
		{572A0F31-F6C4-32B9-9882-84F4D0D84BFF} = {572A0F31-F6C4-32B9-9882-84F4D0D84BFF}
		{4243996B-82BE-3E4A-9238-163DB338A1A0} = {4243996B-82BE-3E4A-9238-163DB338A1A0}
		{81AD9C03-081A-3EF2-9FF9-B684CDCA7819} = {81AD9C03-081A-3EF2-9FF9-B684CDCA7819}
		{C9C71127-21BD-34DA-9AB9-C9462B81D570} = {C9C71127-21BD-34DA-9AB9-C9462B81D570}
		{23A66501-038B-3F95-A808-0200D4F5D40B} = {23A66501-038B-3F95-A808-0200D4F5D40B}
		{5D5400D9-0998-34FB-B77C-C261E7A30121} = {5D5400D9-0998-34FB-B77C-C261E7A30121}
		{22677D41-7FDD-3BF7-BF40-1D58CD5C5E0A} = {22677D41-7FDD-3BF7-BF40-1D58CD5C5E0A}
		{6299D559-DDD2-3875-9800-561D91F5BACD} = {6299D559-DDD2-3875-9800-561D91F5BACD}
		{5EA5D38C-175F-3FBC-B3C8-DD997E32D344} = {5EA5D38C-175F-3FBC-B3C8-DD997E32D344}
	EndProjectSection
EndProject
Project("{8BC9CEB8-8B4A-11D0-8D11-00A0C91BC942}") = "shared", "src\server\shared\shared.vcxproj", "{6299D559-DDD2-3875-9800-561D91F5BACD}"
	ProjectSection(ProjectDependencies) = postProject
		{572A0F31-F6C4-32B9-9882-84F4D0D84BFF} = {572A0F31-F6C4-32B9-9882-84F4D0D84BFF}
		{4243996B-82BE-3E4A-9238-163DB338A1A0} = {4243996B-82BE-3E4A-9238-163DB338A1A0}
		{81AD9C03-081A-3EF2-9FF9-B684CDCA7819} = {81AD9C03-081A-3EF2-9FF9-B684CDCA7819}
		{C9C71127-21BD-34DA-9AB9-C9462B81D570} = {C9C71127-21BD-34DA-9AB9-C9462B81D570}
		{23A66501-038B-3F95-A808-0200D4F5D40B} = {23A66501-038B-3F95-A808-0200D4F5D40B}
		{5D5400D9-0998-34FB-B77C-C261E7A30121} = {5D5400D9-0998-34FB-B77C-C261E7A30121}
		{22677D41-7FDD-3BF7-BF40-1D58CD5C5E0A} = {22677D41-7FDD-3BF7-BF40-1D58CD5C5E0A}
		{5EA5D38C-175F-3FBC-B3C8-DD997E32D344} = {5EA5D38C-175F-3FBC-B3C8-DD997E32D344}
	EndProjectSection
EndProject
Project("{8BC9CEB8-8B4A-11D0-8D11-00A0C91BC942}") = "vmap4assembler", "src\tools\vmap4_assembler\vmap4assembler.vcxproj", "{558D0FD0-0398-30A2-B9A9-C8FE9323EAA7}"
	ProjectSection(ProjectDependencies) = postProject
		{572A0F31-F6C4-32B9-9882-84F4D0D84BFF} = {572A0F31-F6C4-32B9-9882-84F4D0D84BFF}
		{4243996B-82BE-3E4A-9238-163DB338A1A0} = {4243996B-82BE-3E4A-9238-163DB338A1A0}
		{81AD9C03-081A-3EF2-9FF9-B684CDCA7819} = {81AD9C03-081A-3EF2-9FF9-B684CDCA7819}
		{C9C71127-21BD-34DA-9AB9-C9462B81D570} = {C9C71127-21BD-34DA-9AB9-C9462B81D570}
		{5D5400D9-0998-34FB-B77C-C261E7A30121} = {5D5400D9-0998-34FB-B77C-C261E7A30121}
		{22677D41-7FDD-3BF7-BF40-1D58CD5C5E0A} = {22677D41-7FDD-3BF7-BF40-1D58CD5C5E0A}
		{5EA5D38C-175F-3FBC-B3C8-DD997E32D344} = {5EA5D38C-175F-3FBC-B3C8-DD997E32D344}
	EndProjectSection
EndProject
Project("{8BC9CEB8-8B4A-11D0-8D11-00A0C91BC942}") = "vmap4extractor", "src\tools\vmap4_extractor\vmap4extractor.vcxproj", "{5EA550AC-2FEC-3161-A4F9-6C14AA837E98}"
	ProjectSection(ProjectDependencies) = postProject
		{4243996B-82BE-3E4A-9238-163DB338A1A0} = {4243996B-82BE-3E4A-9238-163DB338A1A0}
		{CED2C582-7A1D-3440-8252-AD9D8AB1E73C} = {CED2C582-7A1D-3440-8252-AD9D8AB1E73C}
		{48986A3A-D36A-3125-A239-1319B748B1FB} = {48986A3A-D36A-3125-A239-1319B748B1FB}
		{5EA5D38C-175F-3FBC-B3C8-DD997E32D344} = {5EA5D38C-175F-3FBC-B3C8-DD997E32D344}
	EndProjectSection
EndProject
Project("{8BC9CEB8-8B4A-11D0-8D11-00A0C91BC942}") = "worldserver", "src\server\worldserver\worldserver.vcxproj", "{AD552D96-41E3-3E1B-8DCA-433FC7DCF317}"
	ProjectSection(ProjectDependencies) = postProject
		{572A0F31-F6C4-32B9-9882-84F4D0D84BFF} = {572A0F31-F6C4-32B9-9882-84F4D0D84BFF}
		{4243996B-82BE-3E4A-9238-163DB338A1A0} = {4243996B-82BE-3E4A-9238-163DB338A1A0}
		{81AD9C03-081A-3EF2-9FF9-B684CDCA7819} = {81AD9C03-081A-3EF2-9FF9-B684CDCA7819}
		{C9C71127-21BD-34DA-9AB9-C9462B81D570} = {C9C71127-21BD-34DA-9AB9-C9462B81D570}
		{23A66501-038B-3F95-A808-0200D4F5D40B} = {23A66501-038B-3F95-A808-0200D4F5D40B}
		{5D5400D9-0998-34FB-B77C-C261E7A30121} = {5D5400D9-0998-34FB-B77C-C261E7A30121}
		{9528CD26-1908-3624-9728-ACF30661BEFE} = {9528CD26-1908-3624-9728-ACF30661BEFE}
		{48500CEB-D8C3-38BA-AC15-67A82BCB3666} = {48500CEB-D8C3-38BA-AC15-67A82BCB3666}
		{22677D41-7FDD-3BF7-BF40-1D58CD5C5E0A} = {22677D41-7FDD-3BF7-BF40-1D58CD5C5E0A}
		{44C1F113-7A59-3924-8182-4746EEC21E57} = {44C1F113-7A59-3924-8182-4746EEC21E57}
		{37AB78BB-6A68-38F4-A949-87BEECD0E7E2} = {37AB78BB-6A68-38F4-A949-87BEECD0E7E2}
		{6299D559-DDD2-3875-9800-561D91F5BACD} = {6299D559-DDD2-3875-9800-561D91F5BACD}
		{5EA5D38C-175F-3FBC-B3C8-DD997E32D344} = {5EA5D38C-175F-3FBC-B3C8-DD997E32D344}
	EndProjectSection
EndProject
Project("{8BC9CEB8-8B4A-11D0-8D11-00A0C91BC942}") = "zlib", "dep\zlib\zlib.vcxproj", "{5EA5D38C-175F-3FBC-B3C8-DD997E32D344}"
	ProjectSection(ProjectDependencies) = postProject
		{4243996B-82BE-3E4A-9238-163DB338A1A0} = {4243996B-82BE-3E4A-9238-163DB338A1A0}
	EndProjectSection
EndProject
Global
	GlobalSection(SolutionConfigurationPlatforms) = preSolution
		Debug|x64 = Debug|x64
		Release|x64 = Release|x64
		MinSizeRel|x64 = MinSizeRel|x64
		RelWithDebInfo|x64 = RelWithDebInfo|x64
	EndGlobalSection
	GlobalSection(ProjectConfigurationPlatforms) = postSolution
		{2EA7DF22-2C31-30C9-9EE2-3C5D09D801B5}.Debug|x64.ActiveCfg = Debug|x64
		{2EA7DF22-2C31-30C9-9EE2-3C5D09D801B5}.Debug|x64.Build.0 = Debug|x64
		{2EA7DF22-2C31-30C9-9EE2-3C5D09D801B5}.Release|x64.ActiveCfg = Release|x64
		{2EA7DF22-2C31-30C9-9EE2-3C5D09D801B5}.Release|x64.Build.0 = Release|x64
		{2EA7DF22-2C31-30C9-9EE2-3C5D09D801B5}.MinSizeRel|x64.ActiveCfg = MinSizeRel|x64
		{2EA7DF22-2C31-30C9-9EE2-3C5D09D801B5}.MinSizeRel|x64.Build.0 = MinSizeRel|x64
		{2EA7DF22-2C31-30C9-9EE2-3C5D09D801B5}.RelWithDebInfo|x64.ActiveCfg = RelWithDebInfo|x64
		{2EA7DF22-2C31-30C9-9EE2-3C5D09D801B5}.RelWithDebInfo|x64.Build.0 = RelWithDebInfo|x64
		{572A0F31-F6C4-32B9-9882-84F4D0D84BFF}.Debug|x64.ActiveCfg = Debug|x64
		{572A0F31-F6C4-32B9-9882-84F4D0D84BFF}.Debug|x64.Build.0 = Debug|x64
		{572A0F31-F6C4-32B9-9882-84F4D0D84BFF}.Release|x64.ActiveCfg = Release|x64
		{572A0F31-F6C4-32B9-9882-84F4D0D84BFF}.Release|x64.Build.0 = Release|x64
		{572A0F31-F6C4-32B9-9882-84F4D0D84BFF}.MinSizeRel|x64.ActiveCfg = MinSizeRel|x64
		{572A0F31-F6C4-32B9-9882-84F4D0D84BFF}.MinSizeRel|x64.Build.0 = MinSizeRel|x64
		{572A0F31-F6C4-32B9-9882-84F4D0D84BFF}.RelWithDebInfo|x64.ActiveCfg = RelWithDebInfo|x64
		{572A0F31-F6C4-32B9-9882-84F4D0D84BFF}.RelWithDebInfo|x64.Build.0 = RelWithDebInfo|x64
		{5BF1092F-E228-330B-B252-893D8B851404}.Debug|x64.ActiveCfg = Debug|x64
		{5BF1092F-E228-330B-B252-893D8B851404}.Release|x64.ActiveCfg = Release|x64
		{5BF1092F-E228-330B-B252-893D8B851404}.MinSizeRel|x64.ActiveCfg = MinSizeRel|x64
		{5BF1092F-E228-330B-B252-893D8B851404}.RelWithDebInfo|x64.ActiveCfg = RelWithDebInfo|x64
		{4B449B7A-AC06-39C5-88A0-9D7F68BA4C0C}.Debug|x64.ActiveCfg = Debug|x64
		{4B449B7A-AC06-39C5-88A0-9D7F68BA4C0C}.Debug|x64.Build.0 = Debug|x64
		{4B449B7A-AC06-39C5-88A0-9D7F68BA4C0C}.Release|x64.ActiveCfg = Release|x64
		{4B449B7A-AC06-39C5-88A0-9D7F68BA4C0C}.Release|x64.Build.0 = Release|x64
		{4B449B7A-AC06-39C5-88A0-9D7F68BA4C0C}.MinSizeRel|x64.ActiveCfg = MinSizeRel|x64
		{4B449B7A-AC06-39C5-88A0-9D7F68BA4C0C}.MinSizeRel|x64.Build.0 = MinSizeRel|x64
		{4B449B7A-AC06-39C5-88A0-9D7F68BA4C0C}.RelWithDebInfo|x64.ActiveCfg = RelWithDebInfo|x64
		{4B449B7A-AC06-39C5-88A0-9D7F68BA4C0C}.RelWithDebInfo|x64.Build.0 = RelWithDebInfo|x64
		{4243996B-82BE-3E4A-9238-163DB338A1A0}.Debug|x64.ActiveCfg = Debug|x64
		{4243996B-82BE-3E4A-9238-163DB338A1A0}.Debug|x64.Build.0 = Debug|x64
		{4243996B-82BE-3E4A-9238-163DB338A1A0}.Release|x64.ActiveCfg = Release|x64
		{4243996B-82BE-3E4A-9238-163DB338A1A0}.Release|x64.Build.0 = Release|x64
		{4243996B-82BE-3E4A-9238-163DB338A1A0}.MinSizeRel|x64.ActiveCfg = MinSizeRel|x64
		{4243996B-82BE-3E4A-9238-163DB338A1A0}.MinSizeRel|x64.Build.0 = MinSizeRel|x64
		{4243996B-82BE-3E4A-9238-163DB338A1A0}.RelWithDebInfo|x64.ActiveCfg = RelWithDebInfo|x64
		{4243996B-82BE-3E4A-9238-163DB338A1A0}.RelWithDebInfo|x64.Build.0 = RelWithDebInfo|x64
		{2B3DC4B5-C862-33EC-BEBB-8BA3633F2894}.Debug|x64.ActiveCfg = Debug|x64
		{2B3DC4B5-C862-33EC-BEBB-8BA3633F2894}.Debug|x64.Build.0 = Debug|x64
		{2B3DC4B5-C862-33EC-BEBB-8BA3633F2894}.Release|x64.ActiveCfg = Release|x64
		{2B3DC4B5-C862-33EC-BEBB-8BA3633F2894}.Release|x64.Build.0 = Release|x64
		{2B3DC4B5-C862-33EC-BEBB-8BA3633F2894}.MinSizeRel|x64.ActiveCfg = MinSizeRel|x64
		{2B3DC4B5-C862-33EC-BEBB-8BA3633F2894}.MinSizeRel|x64.Build.0 = MinSizeRel|x64
		{2B3DC4B5-C862-33EC-BEBB-8BA3633F2894}.RelWithDebInfo|x64.ActiveCfg = RelWithDebInfo|x64
		{2B3DC4B5-C862-33EC-BEBB-8BA3633F2894}.RelWithDebInfo|x64.Build.0 = RelWithDebInfo|x64
		{CED2C582-7A1D-3440-8252-AD9D8AB1E73C}.Debug|x64.ActiveCfg = Debug|x64
		{CED2C582-7A1D-3440-8252-AD9D8AB1E73C}.Debug|x64.Build.0 = Debug|x64
		{CED2C582-7A1D-3440-8252-AD9D8AB1E73C}.Release|x64.ActiveCfg = Release|x64
		{CED2C582-7A1D-3440-8252-AD9D8AB1E73C}.Release|x64.Build.0 = Release|x64
		{CED2C582-7A1D-3440-8252-AD9D8AB1E73C}.MinSizeRel|x64.ActiveCfg = MinSizeRel|x64
		{CED2C582-7A1D-3440-8252-AD9D8AB1E73C}.MinSizeRel|x64.Build.0 = MinSizeRel|x64
		{CED2C582-7A1D-3440-8252-AD9D8AB1E73C}.RelWithDebInfo|x64.ActiveCfg = RelWithDebInfo|x64
		{CED2C582-7A1D-3440-8252-AD9D8AB1E73C}.RelWithDebInfo|x64.Build.0 = RelWithDebInfo|x64
		{81AD9C03-081A-3EF2-9FF9-B684CDCA7819}.Debug|x64.ActiveCfg = Debug|x64
		{81AD9C03-081A-3EF2-9FF9-B684CDCA7819}.Debug|x64.Build.0 = Debug|x64
		{81AD9C03-081A-3EF2-9FF9-B684CDCA7819}.Release|x64.ActiveCfg = Release|x64
		{81AD9C03-081A-3EF2-9FF9-B684CDCA7819}.Release|x64.Build.0 = Release|x64
		{81AD9C03-081A-3EF2-9FF9-B684CDCA7819}.MinSizeRel|x64.ActiveCfg = MinSizeRel|x64
		{81AD9C03-081A-3EF2-9FF9-B684CDCA7819}.MinSizeRel|x64.Build.0 = MinSizeRel|x64
		{81AD9C03-081A-3EF2-9FF9-B684CDCA7819}.RelWithDebInfo|x64.ActiveCfg = RelWithDebInfo|x64
		{81AD9C03-081A-3EF2-9FF9-B684CDCA7819}.RelWithDebInfo|x64.Build.0 = RelWithDebInfo|x64
		{C9C71127-21BD-34DA-9AB9-C9462B81D570}.Debug|x64.ActiveCfg = Debug|x64
		{C9C71127-21BD-34DA-9AB9-C9462B81D570}.Debug|x64.Build.0 = Debug|x64
		{C9C71127-21BD-34DA-9AB9-C9462B81D570}.Release|x64.ActiveCfg = Release|x64
		{C9C71127-21BD-34DA-9AB9-C9462B81D570}.Release|x64.Build.0 = Release|x64
		{C9C71127-21BD-34DA-9AB9-C9462B81D570}.MinSizeRel|x64.ActiveCfg = MinSizeRel|x64
		{C9C71127-21BD-34DA-9AB9-C9462B81D570}.MinSizeRel|x64.Build.0 = MinSizeRel|x64
		{C9C71127-21BD-34DA-9AB9-C9462B81D570}.RelWithDebInfo|x64.ActiveCfg = RelWithDebInfo|x64
		{C9C71127-21BD-34DA-9AB9-C9462B81D570}.RelWithDebInfo|x64.Build.0 = RelWithDebInfo|x64
		{23A66501-038B-3F95-A808-0200D4F5D40B}.Debug|x64.ActiveCfg = Debug|x64
		{23A66501-038B-3F95-A808-0200D4F5D40B}.Debug|x64.Build.0 = Debug|x64
		{23A66501-038B-3F95-A808-0200D4F5D40B}.Release|x64.ActiveCfg = Release|x64
		{23A66501-038B-3F95-A808-0200D4F5D40B}.Release|x64.Build.0 = Release|x64
		{23A66501-038B-3F95-A808-0200D4F5D40B}.MinSizeRel|x64.ActiveCfg = MinSizeRel|x64
		{23A66501-038B-3F95-A808-0200D4F5D40B}.MinSizeRel|x64.Build.0 = MinSizeRel|x64
		{23A66501-038B-3F95-A808-0200D4F5D40B}.RelWithDebInfo|x64.ActiveCfg = RelWithDebInfo|x64
		{23A66501-038B-3F95-A808-0200D4F5D40B}.RelWithDebInfo|x64.Build.0 = RelWithDebInfo|x64
		{5D5400D9-0998-34FB-B77C-C261E7A30121}.Debug|x64.ActiveCfg = Debug|x64
		{5D5400D9-0998-34FB-B77C-C261E7A30121}.Debug|x64.Build.0 = Debug|x64
		{5D5400D9-0998-34FB-B77C-C261E7A30121}.Release|x64.ActiveCfg = Release|x64
		{5D5400D9-0998-34FB-B77C-C261E7A30121}.Release|x64.Build.0 = Release|x64
		{5D5400D9-0998-34FB-B77C-C261E7A30121}.MinSizeRel|x64.ActiveCfg = MinSizeRel|x64
		{5D5400D9-0998-34FB-B77C-C261E7A30121}.MinSizeRel|x64.Build.0 = MinSizeRel|x64
		{5D5400D9-0998-34FB-B77C-C261E7A30121}.RelWithDebInfo|x64.ActiveCfg = RelWithDebInfo|x64
		{5D5400D9-0998-34FB-B77C-C261E7A30121}.RelWithDebInfo|x64.Build.0 = RelWithDebInfo|x64
		{9528CD26-1908-3624-9728-ACF30661BEFE}.Debug|x64.ActiveCfg = Debug|x64
		{9528CD26-1908-3624-9728-ACF30661BEFE}.Debug|x64.Build.0 = Debug|x64
		{9528CD26-1908-3624-9728-ACF30661BEFE}.Release|x64.ActiveCfg = Release|x64
		{9528CD26-1908-3624-9728-ACF30661BEFE}.Release|x64.Build.0 = Release|x64
		{9528CD26-1908-3624-9728-ACF30661BEFE}.MinSizeRel|x64.ActiveCfg = MinSizeRel|x64
		{9528CD26-1908-3624-9728-ACF30661BEFE}.MinSizeRel|x64.Build.0 = MinSizeRel|x64
		{9528CD26-1908-3624-9728-ACF30661BEFE}.RelWithDebInfo|x64.ActiveCfg = RelWithDebInfo|x64
		{9528CD26-1908-3624-9728-ACF30661BEFE}.RelWithDebInfo|x64.Build.0 = RelWithDebInfo|x64
		{48500CEB-D8C3-38BA-AC15-67A82BCB3666}.Debug|x64.ActiveCfg = Debug|x64
		{48500CEB-D8C3-38BA-AC15-67A82BCB3666}.Debug|x64.Build.0 = Debug|x64
		{48500CEB-D8C3-38BA-AC15-67A82BCB3666}.Release|x64.ActiveCfg = Release|x64
		{48500CEB-D8C3-38BA-AC15-67A82BCB3666}.Release|x64.Build.0 = Release|x64
		{48500CEB-D8C3-38BA-AC15-67A82BCB3666}.MinSizeRel|x64.ActiveCfg = MinSizeRel|x64
		{48500CEB-D8C3-38BA-AC15-67A82BCB3666}.MinSizeRel|x64.Build.0 = MinSizeRel|x64
		{48500CEB-D8C3-38BA-AC15-67A82BCB3666}.RelWithDebInfo|x64.ActiveCfg = RelWithDebInfo|x64
		{48500CEB-D8C3-38BA-AC15-67A82BCB3666}.RelWithDebInfo|x64.Build.0 = RelWithDebInfo|x64
		{22677D41-7FDD-3BF7-BF40-1D58CD5C5E0A}.Debug|x64.ActiveCfg = Debug|x64
		{22677D41-7FDD-3BF7-BF40-1D58CD5C5E0A}.Debug|x64.Build.0 = Debug|x64
		{22677D41-7FDD-3BF7-BF40-1D58CD5C5E0A}.Release|x64.ActiveCfg = Release|x64
		{22677D41-7FDD-3BF7-BF40-1D58CD5C5E0A}.Release|x64.Build.0 = Release|x64
		{22677D41-7FDD-3BF7-BF40-1D58CD5C5E0A}.MinSizeRel|x64.ActiveCfg = MinSizeRel|x64
		{22677D41-7FDD-3BF7-BF40-1D58CD5C5E0A}.MinSizeRel|x64.Build.0 = MinSizeRel|x64
		{22677D41-7FDD-3BF7-BF40-1D58CD5C5E0A}.RelWithDebInfo|x64.ActiveCfg = RelWithDebInfo|x64
		{22677D41-7FDD-3BF7-BF40-1D58CD5C5E0A}.RelWithDebInfo|x64.Build.0 = RelWithDebInfo|x64
		{6D5227DD-502C-3589-80B4-3DBA9CE05747}.Debug|x64.ActiveCfg = Debug|x64
		{6D5227DD-502C-3589-80B4-3DBA9CE05747}.Debug|x64.Build.0 = Debug|x64
		{6D5227DD-502C-3589-80B4-3DBA9CE05747}.Release|x64.ActiveCfg = Release|x64
		{6D5227DD-502C-3589-80B4-3DBA9CE05747}.Release|x64.Build.0 = Release|x64
		{6D5227DD-502C-3589-80B4-3DBA9CE05747}.MinSizeRel|x64.ActiveCfg = MinSizeRel|x64
		{6D5227DD-502C-3589-80B4-3DBA9CE05747}.MinSizeRel|x64.Build.0 = MinSizeRel|x64
		{6D5227DD-502C-3589-80B4-3DBA9CE05747}.RelWithDebInfo|x64.ActiveCfg = RelWithDebInfo|x64
		{6D5227DD-502C-3589-80B4-3DBA9CE05747}.RelWithDebInfo|x64.Build.0 = RelWithDebInfo|x64
		{2C1480B1-4433-3717-9787-6AE04F20830E}.Debug|x64.ActiveCfg = Debug|x64
		{2C1480B1-4433-3717-9787-6AE04F20830E}.Debug|x64.Build.0 = Debug|x64
		{2C1480B1-4433-3717-9787-6AE04F20830E}.Release|x64.ActiveCfg = Release|x64
		{2C1480B1-4433-3717-9787-6AE04F20830E}.Release|x64.Build.0 = Release|x64
		{2C1480B1-4433-3717-9787-6AE04F20830E}.MinSizeRel|x64.ActiveCfg = MinSizeRel|x64
		{2C1480B1-4433-3717-9787-6AE04F20830E}.MinSizeRel|x64.Build.0 = MinSizeRel|x64
		{2C1480B1-4433-3717-9787-6AE04F20830E}.RelWithDebInfo|x64.ActiveCfg = RelWithDebInfo|x64
		{2C1480B1-4433-3717-9787-6AE04F20830E}.RelWithDebInfo|x64.Build.0 = RelWithDebInfo|x64
		{48986A3A-D36A-3125-A239-1319B748B1FB}.Debug|x64.ActiveCfg = Debug|x64
		{48986A3A-D36A-3125-A239-1319B748B1FB}.Debug|x64.Build.0 = Debug|x64
		{48986A3A-D36A-3125-A239-1319B748B1FB}.Release|x64.ActiveCfg = Release|x64
		{48986A3A-D36A-3125-A239-1319B748B1FB}.Release|x64.Build.0 = Release|x64
		{48986A3A-D36A-3125-A239-1319B748B1FB}.MinSizeRel|x64.ActiveCfg = MinSizeRel|x64
		{48986A3A-D36A-3125-A239-1319B748B1FB}.MinSizeRel|x64.Build.0 = MinSizeRel|x64
		{48986A3A-D36A-3125-A239-1319B748B1FB}.RelWithDebInfo|x64.ActiveCfg = RelWithDebInfo|x64
		{48986A3A-D36A-3125-A239-1319B748B1FB}.RelWithDebInfo|x64.Build.0 = RelWithDebInfo|x64
		{44C1F113-7A59-3924-8182-4746EEC21E57}.Debug|x64.ActiveCfg = Debug|x64
		{44C1F113-7A59-3924-8182-4746EEC21E57}.Debug|x64.Build.0 = Debug|x64
		{44C1F113-7A59-3924-8182-4746EEC21E57}.Release|x64.ActiveCfg = Release|x64
		{44C1F113-7A59-3924-8182-4746EEC21E57}.Release|x64.Build.0 = Release|x64
		{44C1F113-7A59-3924-8182-4746EEC21E57}.MinSizeRel|x64.ActiveCfg = MinSizeRel|x64
		{44C1F113-7A59-3924-8182-4746EEC21E57}.MinSizeRel|x64.Build.0 = MinSizeRel|x64
		{44C1F113-7A59-3924-8182-4746EEC21E57}.RelWithDebInfo|x64.ActiveCfg = RelWithDebInfo|x64
		{44C1F113-7A59-3924-8182-4746EEC21E57}.RelWithDebInfo|x64.Build.0 = RelWithDebInfo|x64
		{0C69D4FB-49FE-3942-BA39-76A4E92EB9E9}.Debug|x64.ActiveCfg = Debug|x64
		{0C69D4FB-49FE-3942-BA39-76A4E92EB9E9}.Debug|x64.Build.0 = Debug|x64
		{0C69D4FB-49FE-3942-BA39-76A4E92EB9E9}.Release|x64.ActiveCfg = Release|x64
		{0C69D4FB-49FE-3942-BA39-76A4E92EB9E9}.Release|x64.Build.0 = Release|x64
		{0C69D4FB-49FE-3942-BA39-76A4E92EB9E9}.MinSizeRel|x64.ActiveCfg = MinSizeRel|x64
		{0C69D4FB-49FE-3942-BA39-76A4E92EB9E9}.MinSizeRel|x64.Build.0 = MinSizeRel|x64
		{0C69D4FB-49FE-3942-BA39-76A4E92EB9E9}.RelWithDebInfo|x64.ActiveCfg = RelWithDebInfo|x64
		{0C69D4FB-49FE-3942-BA39-76A4E92EB9E9}.RelWithDebInfo|x64.Build.0 = RelWithDebInfo|x64
		{37AB78BB-6A68-38F4-A949-87BEECD0E7E2}.Debug|x64.ActiveCfg = Debug|x64
		{37AB78BB-6A68-38F4-A949-87BEECD0E7E2}.Debug|x64.Build.0 = Debug|x64
		{37AB78BB-6A68-38F4-A949-87BEECD0E7E2}.Release|x64.ActiveCfg = Release|x64
		{37AB78BB-6A68-38F4-A949-87BEECD0E7E2}.Release|x64.Build.0 = Release|x64
		{37AB78BB-6A68-38F4-A949-87BEECD0E7E2}.MinSizeRel|x64.ActiveCfg = MinSizeRel|x64
		{37AB78BB-6A68-38F4-A949-87BEECD0E7E2}.MinSizeRel|x64.Build.0 = MinSizeRel|x64
		{37AB78BB-6A68-38F4-A949-87BEECD0E7E2}.RelWithDebInfo|x64.ActiveCfg = RelWithDebInfo|x64
		{37AB78BB-6A68-38F4-A949-87BEECD0E7E2}.RelWithDebInfo|x64.Build.0 = RelWithDebInfo|x64
		{6299D559-DDD2-3875-9800-561D91F5BACD}.Debug|x64.ActiveCfg = Debug|x64
		{6299D559-DDD2-3875-9800-561D91F5BACD}.Debug|x64.Build.0 = Debug|x64
		{6299D559-DDD2-3875-9800-561D91F5BACD}.Release|x64.ActiveCfg = Release|x64
		{6299D559-DDD2-3875-9800-561D91F5BACD}.Release|x64.Build.0 = Release|x64
		{6299D559-DDD2-3875-9800-561D91F5BACD}.MinSizeRel|x64.ActiveCfg = MinSizeRel|x64
		{6299D559-DDD2-3875-9800-561D91F5BACD}.MinSizeRel|x64.Build.0 = MinSizeRel|x64
		{6299D559-DDD2-3875-9800-561D91F5BACD}.RelWithDebInfo|x64.ActiveCfg = RelWithDebInfo|x64
		{6299D559-DDD2-3875-9800-561D91F5BACD}.RelWithDebInfo|x64.Build.0 = RelWithDebInfo|x64
		{558D0FD0-0398-30A2-B9A9-C8FE9323EAA7}.Debug|x64.ActiveCfg = Debug|x64
		{558D0FD0-0398-30A2-B9A9-C8FE9323EAA7}.Debug|x64.Build.0 = Debug|x64
		{558D0FD0-0398-30A2-B9A9-C8FE9323EAA7}.Release|x64.ActiveCfg = Release|x64
		{558D0FD0-0398-30A2-B9A9-C8FE9323EAA7}.Release|x64.Build.0 = Release|x64
		{558D0FD0-0398-30A2-B9A9-C8FE9323EAA7}.MinSizeRel|x64.ActiveCfg = MinSizeRel|x64
		{558D0FD0-0398-30A2-B9A9-C8FE9323EAA7}.MinSizeRel|x64.Build.0 = MinSizeRel|x64
		{558D0FD0-0398-30A2-B9A9-C8FE9323EAA7}.RelWithDebInfo|x64.ActiveCfg = RelWithDebInfo|x64
		{558D0FD0-0398-30A2-B9A9-C8FE9323EAA7}.RelWithDebInfo|x64.Build.0 = RelWithDebInfo|x64
		{5EA550AC-2FEC-3161-A4F9-6C14AA837E98}.Debug|x64.ActiveCfg = Debug|x64
		{5EA550AC-2FEC-3161-A4F9-6C14AA837E98}.Debug|x64.Build.0 = Debug|x64
		{5EA550AC-2FEC-3161-A4F9-6C14AA837E98}.Release|x64.ActiveCfg = Release|x64
		{5EA550AC-2FEC-3161-A4F9-6C14AA837E98}.Release|x64.Build.0 = Release|x64
		{5EA550AC-2FEC-3161-A4F9-6C14AA837E98}.MinSizeRel|x64.ActiveCfg = MinSizeRel|x64
		{5EA550AC-2FEC-3161-A4F9-6C14AA837E98}.MinSizeRel|x64.Build.0 = MinSizeRel|x64
		{5EA550AC-2FEC-3161-A4F9-6C14AA837E98}.RelWithDebInfo|x64.ActiveCfg = RelWithDebInfo|x64
		{5EA550AC-2FEC-3161-A4F9-6C14AA837E98}.RelWithDebInfo|x64.Build.0 = RelWithDebInfo|x64
		{AD552D96-41E3-3E1B-8DCA-433FC7DCF317}.Debug|x64.ActiveCfg = Debug|x64
		{AD552D96-41E3-3E1B-8DCA-433FC7DCF317}.Debug|x64.Build.0 = Debug|x64
		{AD552D96-41E3-3E1B-8DCA-433FC7DCF317}.Release|x64.ActiveCfg = Release|x64
		{AD552D96-41E3-3E1B-8DCA-433FC7DCF317}.Release|x64.Build.0 = Release|x64
		{AD552D96-41E3-3E1B-8DCA-433FC7DCF317}.MinSizeRel|x64.ActiveCfg = MinSizeRel|x64
		{AD552D96-41E3-3E1B-8DCA-433FC7DCF317}.MinSizeRel|x64.Build.0 = MinSizeRel|x64
		{AD552D96-41E3-3E1B-8DCA-433FC7DCF317}.RelWithDebInfo|x64.ActiveCfg = RelWithDebInfo|x64
		{AD552D96-41E3-3E1B-8DCA-433FC7DCF317}.RelWithDebInfo|x64.Build.0 = RelWithDebInfo|x64
		{5EA5D38C-175F-3FBC-B3C8-DD997E32D344}.Debug|x64.ActiveCfg = Debug|x64
		{5EA5D38C-175F-3FBC-B3C8-DD997E32D344}.Debug|x64.Build.0 = Debug|x64
		{5EA5D38C-175F-3FBC-B3C8-DD997E32D344}.Release|x64.ActiveCfg = Release|x64
		{5EA5D38C-175F-3FBC-B3C8-DD997E32D344}.Release|x64.Build.0 = Release|x64
		{5EA5D38C-175F-3FBC-B3C8-DD997E32D344}.MinSizeRel|x64.ActiveCfg = MinSizeRel|x64
		{5EA5D38C-175F-3FBC-B3C8-DD997E32D344}.MinSizeRel|x64.Build.0 = MinSizeRel|x64
		{5EA5D38C-175F-3FBC-B3C8-DD997E32D344}.RelWithDebInfo|x64.ActiveCfg = RelWithDebInfo|x64
		{5EA5D38C-175F-3FBC-B3C8-DD997E32D344}.RelWithDebInfo|x64.Build.0 = RelWithDebInfo|x64
	EndGlobalSection
	GlobalSection(ExtensibilityGlobals) = postSolution
	EndGlobalSection
	GlobalSection(ExtensibilityAddIns) = postSolution
	EndGlobalSection
EndGlobal
