<?xml version="1.0" encoding="UTF-8"?>
<Project ToolsVersion="14.0" xmlns="http://schemas.microsoft.com/developer/msbuild/2003">
  <ItemGroup>
    <ClCompile Include="D:\SingleCore_TC_WotLK_Orig\Source\src\server\authserver\PrecompiledHeaders\authPCH.cpp">
      <Filter>PrecompiledHeaders</Filter>
    </ClCompile>
    <ClCompile Include="D:\SingleCore_TC_WotLK_Orig\Source\src\server\authserver\Main.cpp" />
    <ClCompile Include="D:\SingleCore_TC_WotLK_Orig\Source\src\server\authserver\Authentication\AuthCodes.cpp">
      <Filter>Authentication</Filter>
    </ClCompile>
    <ClCompile Include="D:\SingleCore_TC_WotLK_Orig\Source\src\server\authserver\Authentication\TOTP.cpp">
      <Filter>Authentication</Filter>
    </ClCompile>
    <ClCompile Include="D:\SingleCore_TC_WotLK_Orig\Source\src\server\authserver\Server\AuthSession.cpp">
      <Filter>Server</Filter>
    </ClCompile>
    <ClCompile Include="D:\SingleCore_TC_WotLK_Orig\Source\src\common\Debugging\WheatyExceptionReport.cpp">
      <Filter>Source Files</Filter>
    </ClCompile>
    <ClCompile Include="D:\SingleCore_TC_WotLK_Orig\Source\src\common\Platform\ServiceWin32.cpp">
      <Filter>Source Files</Filter>
    </ClCompile>
  </ItemGroup>
  <ItemGroup>
    <ClInclude Include="D:\SingleCore_TC_WotLK_Orig\Source\src\server\authserver\resource.h" />
    <ClInclude Include="D:\SingleCore_TC_WotLK_Orig\Source\src\server\authserver\Authentication\AuthCodes.h">
      <Filter>Authentication</Filter>
    </ClInclude>
    <ClInclude Include="D:\SingleCore_TC_WotLK_Orig\Source\src\server\authserver\Authentication\TOTP.h">
      <Filter>Authentication</Filter>
    </ClInclude>
    <ClInclude Include="D:\SingleCore_TC_WotLK_Orig\Source\src\server\authserver\Server\AuthSession.h">
      <Filter>Server</Filter>
    </ClInclude>
    <ClInclude Include="D:\SingleCore_TC_WotLK_Orig\Source\src\server\authserver\Server\AuthSocketMgr.h">
      <Filter>Server</Filter>
    </ClInclude>
    <ClInclude Include="D:\SingleCore_TC_WotLK_Orig\Source\src\common\Debugging\WheatyExceptionReport.h">
      <Filter>Header Files</Filter>
    </ClInclude>
    <ClInclude Include="D:\SingleCore_TC_WotLK_Orig\Source\src\common\Platform\ServiceWin32.h">
      <Filter>Header Files</Filter>
    </ClInclude>
  </ItemGroup>
  <ItemGroup>
    <CustomBuild Include="D:\SingleCore_TC_WotLK_Orig\Source\src\server\authserver\CMakeLists.txt" />
  </ItemGroup>
  <ItemGroup>
    <ResourceCompile Include="D:\SingleCore_TC_WotLK_Orig\Source\src\server\authserver\authserver.rc">
      <Filter>Source Files</Filter>
    </ResourceCompile>
  </ItemGroup>
  <ItemGroup>
    <Filter Include="Source Files">
      <UniqueIdentifier>{9F00AD55-676F-3F2F-97BB-6251354C929A}</UniqueIdentifier>
    </Filter>
    <Filter Include="Header Files">
      <UniqueIdentifier>{ADF6FE57-B70C-3D6A-93AD-0C3E97C1C0A0}</UniqueIdentifier>
    </Filter>
    <Filter Include="Authentication">
      <UniqueIdentifier>{E9BBF412-C828-3E30-8109-CBFF8D0CC43A}</UniqueIdentifier>
    </Filter>
    <Filter Include="PrecompiledHeaders">
      <UniqueIdentifier>{E8F9EA78-40D9-3AA4-8EF1-C6A5F694D4D8}</UniqueIdentifier>
    </Filter>
    <Filter Include="Server">
      <UniqueIdentifier>{7C34CBC3-332F-3F81-95F4-63AFABEDDB31}</UniqueIdentifier>
    </Filter>
  </ItemGroup>
</Project>
