<?xml version="1.0" encoding="UTF-8"?>
<Project ToolsVersion="14.0" xmlns="http://schemas.microsoft.com/developer/msbuild/2003">
  <ItemGroup>
    <ClCompile Include="D:\SingleCore_TC_WotLK_Orig\Source\src\tools\vmap4_extractor\adtfile.cpp">
      <Filter>Source Files</Filter>
    </ClCompile>
    <ClCompile Include="D:\SingleCore_TC_WotLK_Orig\Source\src\tools\vmap4_extractor\dbcfile.cpp">
      <Filter>Source Files</Filter>
    </ClCompile>
    <ClCompile Include="D:\SingleCore_TC_WotLK_Orig\Source\src\tools\vmap4_extractor\gameobject_extract.cpp">
      <Filter>Source Files</Filter>
    </ClCompile>
    <ClCompile Include="D:\SingleCore_TC_WotLK_Orig\Source\src\tools\vmap4_extractor\model.cpp">
      <Filter>Source Files</Filter>
    </ClCompile>
    <ClCompile Include="D:\SingleCore_TC_WotLK_Orig\Source\src\tools\vmap4_extractor\mpq_libmpq.cpp">
      <Filter>Source Files</Filter>
    </ClCompile>
    <ClCompile Include="D:\SingleCore_TC_WotLK_Orig\Source\src\tools\vmap4_extractor\vmapexport.cpp">
      <Filter>Source Files</Filter>
    </ClCompile>
    <ClCompile Include="D:\SingleCore_TC_WotLK_Orig\Source\src\tools\vmap4_extractor\wdtfile.cpp">
      <Filter>Source Files</Filter>
    </ClCompile>
    <ClCompile Include="D:\SingleCore_TC_WotLK_Orig\Source\src\tools\vmap4_extractor\wmo.cpp">
      <Filter>Source Files</Filter>
    </ClCompile>
  </ItemGroup>
  <ItemGroup>
    <ClInclude Include="D:\SingleCore_TC_WotLK_Orig\Source\src\tools\vmap4_extractor\adtfile.h">
      <Filter>Header Files</Filter>
    </ClInclude>
    <ClInclude Include="D:\SingleCore_TC_WotLK_Orig\Source\src\tools\vmap4_extractor\dbcfile.h">
      <Filter>Header Files</Filter>
    </ClInclude>
    <ClInclude Include="D:\SingleCore_TC_WotLK_Orig\Source\src\tools\vmap4_extractor\model.h">
      <Filter>Header Files</Filter>
    </ClInclude>
    <ClInclude Include="D:\SingleCore_TC_WotLK_Orig\Source\src\tools\vmap4_extractor\modelheaders.h">
      <Filter>Header Files</Filter>
    </ClInclude>
    <ClInclude Include="D:\SingleCore_TC_WotLK_Orig\Source\src\tools\vmap4_extractor\mpq_libmpq04.h">
      <Filter>Header Files</Filter>
    </ClInclude>
    <ClInclude Include="D:\SingleCore_TC_WotLK_Orig\Source\src\tools\vmap4_extractor\vec3d.h">
      <Filter>Header Files</Filter>
    </ClInclude>
    <ClInclude Include="D:\SingleCore_TC_WotLK_Orig\Source\src\tools\vmap4_extractor\vmapexport.h">
      <Filter>Header Files</Filter>
    </ClInclude>
    <ClInclude Include="D:\SingleCore_TC_WotLK_Orig\Source\src\tools\vmap4_extractor\wdtfile.h">
      <Filter>Header Files</Filter>
    </ClInclude>
    <ClInclude Include="D:\SingleCore_TC_WotLK_Orig\Source\src\tools\vmap4_extractor\wmo.h">
      <Filter>Header Files</Filter>
    </ClInclude>
    <ClInclude Include="D:\SingleCore_TC_WotLK_Orig\Source\src\tools\vmap4_extractor\loadlib\loadlib.h">
      <Filter>Header Files</Filter>
    </ClInclude>
  </ItemGroup>
  <ItemGroup>
    <CustomBuild Include="D:\SingleCore_TC_WotLK_Orig\Source\src\tools\vmap4_extractor\CMakeLists.txt" />
  </ItemGroup>
  <ItemGroup>
    <Filter Include="Source Files">
      <UniqueIdentifier>{9F00AD55-676F-3F2F-97BB-6251354C929A}</UniqueIdentifier>
    </Filter>
    <Filter Include="Header Files">
      <UniqueIdentifier>{ADF6FE57-B70C-3D6A-93AD-0C3E97C1C0A0}</UniqueIdentifier>
    </Filter>
  </ItemGroup>
</Project>
