<?xml version="1.0" encoding="UTF-8"?>
<Project ToolsVersion="14.0" xmlns="http://schemas.microsoft.com/developer/msbuild/2003">
  <ItemGroup>
    <ClCompile Include="D:\SingleCore_TC_WotLK_Orig\Source\dep\zlib\adler32.c">
      <Filter>Source Files</Filter>
    </ClCompile>
    <ClCompile Include="D:\SingleCore_TC_WotLK_Orig\Source\dep\zlib\compress.c">
      <Filter>Source Files</Filter>
    </ClCompile>
    <ClCompile Include="D:\SingleCore_TC_WotLK_Orig\Source\dep\zlib\crc32.c">
      <Filter>Source Files</Filter>
    </ClCompile>
    <ClCompile Include="D:\SingleCore_TC_WotLK_Orig\Source\dep\zlib\deflate.c">
      <Filter>Source Files</Filter>
    </ClCompile>
    <ClCompile Include="D:\SingleCore_TC_WotLK_Orig\Source\dep\zlib\infback.c">
      <Filter>Source Files</Filter>
    </ClCompile>
    <ClCompile Include="D:\SingleCore_TC_WotLK_Orig\Source\dep\zlib\inffast.c">
      <Filter>Source Files</Filter>
    </ClCompile>
    <ClCompile Include="D:\SingleCore_TC_WotLK_Orig\Source\dep\zlib\inflate.c">
      <Filter>Source Files</Filter>
    </ClCompile>
    <ClCompile Include="D:\SingleCore_TC_WotLK_Orig\Source\dep\zlib\inftrees.c">
      <Filter>Source Files</Filter>
    </ClCompile>
    <ClCompile Include="D:\SingleCore_TC_WotLK_Orig\Source\dep\zlib\trees.c">
      <Filter>Source Files</Filter>
    </ClCompile>
    <ClCompile Include="D:\SingleCore_TC_WotLK_Orig\Source\dep\zlib\uncompr.c">
      <Filter>Source Files</Filter>
    </ClCompile>
    <ClCompile Include="D:\SingleCore_TC_WotLK_Orig\Source\dep\zlib\zutil.c">
      <Filter>Source Files</Filter>
    </ClCompile>
  </ItemGroup>
  <ItemGroup>
    <CustomBuild Include="D:\SingleCore_TC_WotLK_Orig\Source\dep\zlib\CMakeLists.txt" />
  </ItemGroup>
  <ItemGroup>
    <Filter Include="Source Files">
      <UniqueIdentifier>{9F00AD55-676F-3F2F-97BB-6251354C929A}</UniqueIdentifier>
    </Filter>
  </ItemGroup>
</Project>
